
Microsoft Visual Studio Solution File, Format Version 12.00
# Visual Studio Version 16
VisualStudioVersion = 16.0.29806.167
MinimumVisualStudioVersion = 10.0.40219.1
Project("{FAE04EC0-301F-11D3-BF4B-00C04F79EFBC}") = "jisuanqi", "jisuanqi\jisuanqi.csproj", "{7F50A9F4-FA8B-4E4E-BD2C-5D726F001FEA}"
EndProject
Global
	GlobalSection(SolutionConfigurationPlatforms) = preSolution
		Debug|Any CPU = Debug|Any CPU
		Release|Any CPU = Release|Any CPU
	EndGlobalSection
	GlobalSection(ProjectConfigurationPlatforms) = postSolution
		{7F50A9F4-FA8B-4E4E-BD2C-5D726F001FEA}.Debug|Any CPU.ActiveCfg = Debug|Any CPU
		{7F50A9F4-FA8B-4E4E-BD2C-5D726F001FEA}.Debug|Any CPU.Build.0 = Debug|Any CPU
		{7F50A9F4-FA8B-4E4E-BD2C-5D726F001FEA}.Release|Any CPU.ActiveCfg = Release|Any CPU
		{7F50A9F4-FA8B-4E4E-BD2C-5D726F001FEA}.Release|Any CPU.Build.0 = Release|Any CPU
	EndGlobalSection
	GlobalSection(SolutionProperties) = preSolution
		HideSolutionNode = FALSE
	EndGlobalSection
	GlobalSection(ExtensibilityGlobals) = postSolution
		SolutionGuid = {14AA70B5-D42E-4C2F-8C6A-9DD493E7C48C}
	EndGlobalSection
EndGlobal
